
Microsoft Visual Studio Solution File, Format Version 12.00
# Visual Studio 2013
VisualStudioVersion = 12.0.40629.0
MinimumVisualStudioVersion = 10.0.40219.1
Project("{8BC9CEB8-8B4A-11D0-8D11-00A0C91BC942}") = "Sfml Book", "Sfml Book\Sfml Book.vcxproj", "{B656463E-29DE-4491-B0B6-94C95B0D9F59}"
EndProject
Project("{8BC9CEB8-8B4A-11D0-8D11-00A0C91BC942}") = "SFGE_Core", "SFGE_Core\SFGE_Core.vcxproj", "{6110EF85-0445-48BB-A97F-25B6CFA6D038}"
EndProject
Project("{8BC9CEB8-8B4A-11D0-8D11-00A0C91BC942}") = "SFGE-Template", "SFGE-Template\SFGE-Template.vcxproj", "{E734CEDA-2EF1-4BE7-B178-88F0061476A4}"
EndProject
Project("{8BC9CEB8-8B4A-11D0-8D11-00A0C91BC942}") = "DinoRun", "DinoRun\DinoRun.vcxproj", "{401E97BF-F053-40DF-8A98-9C534B347C00}"
EndProject
Project("{8BC9CEB8-8B4A-11D0-8D11-00A0C91BC942}") = "Pong", "Pong\Pong.vcxproj", "{52FF6B63-F5AA-416E-9F89-9DCB2515DBCB}"
EndProject
Project("{8BC9CEB8-8B4A-11D0-8D11-00A0C91BC942}") = "ParticleSystemTest", "ParticleSystemTest\ParticleSystemTest.vcxproj", "{E76F563A-5255-468B-9D0C-131B818D7D94}"
EndProject
Project("{8BC9CEB8-8B4A-11D0-8D11-00A0C91BC942}") = "SFGE_Physics", "SFGE_Physics\SFGE_Physics.vcxproj", "{351C16CE-279B-447E-95F7-70B30044EDD9}"
EndProject
Project("{8BC9CEB8-8B4A-11D0-8D11-00A0C91BC942}") = "Balistics", "Balistics\Balistics.vcxproj", "{EEAFD54C-C19D-47C9-8121-6CAF9206E416}"
EndProject
Project("{8BC9CEB8-8B4A-11D0-8D11-00A0C91BC942}") = "ModelLoaderTest", "ModelLoaderTest\ModelLoaderTest.vcxproj", "{484A4DE4-B562-4AC6-A377-73B098FB5E26}"
EndProject
Project("{8BC9CEB8-8B4A-11D0-8D11-00A0C91BC942}") = "3DOpenGLTest", "3DOpenGLTest\3DOpenGLTest.vcxproj", "{BEDF57CD-A965-4FA0-A7CC-D3B0670EAF22}"
EndProject
Global
	GlobalSection(SolutionConfigurationPlatforms) = preSolution
		Debug|Win32 = Debug|Win32
		Release|Win32 = Release|Win32
	EndGlobalSection
	GlobalSection(ProjectConfigurationPlatforms) = postSolution
		{B656463E-29DE-4491-B0B6-94C95B0D9F59}.Debug|Win32.ActiveCfg = Debug|Win32
		{B656463E-29DE-4491-B0B6-94C95B0D9F59}.Debug|Win32.Build.0 = Debug|Win32
		{B656463E-29DE-4491-B0B6-94C95B0D9F59}.Release|Win32.ActiveCfg = Release|Win32
		{B656463E-29DE-4491-B0B6-94C95B0D9F59}.Release|Win32.Build.0 = Release|Win32
		{6110EF85-0445-48BB-A97F-25B6CFA6D038}.Debug|Win32.ActiveCfg = Debug|Win32
		{6110EF85-0445-48BB-A97F-25B6CFA6D038}.Debug|Win32.Build.0 = Debug|Win32
		{6110EF85-0445-48BB-A97F-25B6CFA6D038}.Release|Win32.ActiveCfg = Release|Win32
		{6110EF85-0445-48BB-A97F-25B6CFA6D038}.Release|Win32.Build.0 = Release|Win32
		{E734CEDA-2EF1-4BE7-B178-88F0061476A4}.Debug|Win32.ActiveCfg = Debug|Win32
		{E734CEDA-2EF1-4BE7-B178-88F0061476A4}.Debug|Win32.Build.0 = Debug|Win32
		{E734CEDA-2EF1-4BE7-B178-88F0061476A4}.Release|Win32.ActiveCfg = Release|Win32
		{E734CEDA-2EF1-4BE7-B178-88F0061476A4}.Release|Win32.Build.0 = Release|Win32
		{401E97BF-F053-40DF-8A98-9C534B347C00}.Debug|Win32.ActiveCfg = Debug|Win32
		{401E97BF-F053-40DF-8A98-9C534B347C00}.Debug|Win32.Build.0 = Debug|Win32
		{401E97BF-F053-40DF-8A98-9C534B347C00}.Release|Win32.ActiveCfg = Release|Win32
		{401E97BF-F053-40DF-8A98-9C534B347C00}.Release|Win32.Build.0 = Release|Win32
		{52FF6B63-F5AA-416E-9F89-9DCB2515DBCB}.Debug|Win32.ActiveCfg = Debug|Win32
		{52FF6B63-F5AA-416E-9F89-9DCB2515DBCB}.Debug|Win32.Build.0 = Debug|Win32
		{52FF6B63-F5AA-416E-9F89-9DCB2515DBCB}.Release|Win32.ActiveCfg = Release|Win32
		{52FF6B63-F5AA-416E-9F89-9DCB2515DBCB}.Release|Win32.Build.0 = Release|Win32
		{E76F563A-5255-468B-9D0C-131B818D7D94}.Debug|Win32.ActiveCfg = Debug|Win32
		{E76F563A-5255-468B-9D0C-131B818D7D94}.Debug|Win32.Build.0 = Debug|Win32
		{E76F563A-5255-468B-9D0C-131B818D7D94}.Release|Win32.ActiveCfg = Release|Win32
		{E76F563A-5255-468B-9D0C-131B818D7D94}.Release|Win32.Build.0 = Release|Win32
		{351C16CE-279B-447E-95F7-70B30044EDD9}.Debug|Win32.ActiveCfg = Debug|Win32
		{351C16CE-279B-447E-95F7-70B30044EDD9}.Debug|Win32.Build.0 = Debug|Win32
		{351C16CE-279B-447E-95F7-70B30044EDD9}.Release|Win32.ActiveCfg = Release|Win32
		{351C16CE-279B-447E-95F7-70B30044EDD9}.Release|Win32.Build.0 = Release|Win32
		{EEAFD54C-C19D-47C9-8121-6CAF9206E416}.Debug|Win32.ActiveCfg = Debug|Win32
		{EEAFD54C-C19D-47C9-8121-6CAF9206E416}.Debug|Win32.Build.0 = Debug|Win32
		{EEAFD54C-C19D-47C9-8121-6CAF9206E416}.Release|Win32.ActiveCfg = Release|Win32
		{EEAFD54C-C19D-47C9-8121-6CAF9206E416}.Release|Win32.Build.0 = Release|Win32
		{484A4DE4-B562-4AC6-A377-73B098FB5E26}.Debug|Win32.ActiveCfg = Debug|Win32
		{484A4DE4-B562-4AC6-A377-73B098FB5E26}.Debug|Win32.Build.0 = Debug|Win32
		{484A4DE4-B562-4AC6-A377-73B098FB5E26}.Release|Win32.ActiveCfg = Release|Win32
		{484A4DE4-B562-4AC6-A377-73B098FB5E26}.Release|Win32.Build.0 = Release|Win32
		{BEDF57CD-A965-4FA0-A7CC-D3B0670EAF22}.Debug|Win32.ActiveCfg = Debug|Win32
		{BEDF57CD-A965-4FA0-A7CC-D3B0670EAF22}.Debug|Win32.Build.0 = Debug|Win32
		{BEDF57CD-A965-4FA0-A7CC-D3B0670EAF22}.Release|Win32.ActiveCfg = Release|Win32
		{BEDF57CD-A965-4FA0-A7CC-D3B0670EAF22}.Release|Win32.Build.0 = Release|Win32
	EndGlobalSection
	GlobalSection(SolutionProperties) = preSolution
		HideSolutionNode = FALSE
	EndGlobalSection
EndGlobal
