<?xml version="1.0" encoding="utf-8"?>
<Project ToolsVersion="4.0" xmlns="http://schemas.microsoft.com/developer/msbuild/2003">
  <ItemGroup>
    <Filter Include="Source Files">
      <UniqueIdentifier>{4FC737F1-C7A5-4376-A066-2A32D752A2FF}</UniqueIdentifier>
      <Extensions>cpp;c;cc;cxx;def;odl;idl;hpj;bat;asm;asmx</Extensions>
    </Filter>
    <Filter Include="Header Files">
      <UniqueIdentifier>{93995380-89BD-4b04-88EB-625FBE52EBFB}</UniqueIdentifier>
      <Extensions>h;hh;hpp;hxx;hm;inl;inc;xsd</Extensions>
    </Filter>
    <Filter Include="Resource Files">
      <UniqueIdentifier>{67DA6AB6-F800-4c08-8B7A-83BB121AAD01}</UniqueIdentifier>
      <Extensions>rc;ico;cur;bmp;dlg;rc2;rct;bin;rgs;gif;jpg;jpeg;jpe;resx;tiff;tif;png;wav;mfcribbon-ms</Extensions>
    </Filter>
    <Filter Include="Source Files\Math">
      <UniqueIdentifier>{61852bae-0e20-4ab6-8d5e-45bba5a49f8e}</UniqueIdentifier>
    </Filter>
    <Filter Include="Source Files\Components">
      <UniqueIdentifier>{8c4a5d19-c0a1-4085-867f-b3d8d204c6a5}</UniqueIdentifier>
    </Filter>
    <Filter Include="Source Files\Generators">
      <UniqueIdentifier>{753d8655-7ee2-4e85-91a3-b0858bfe8119}</UniqueIdentifier>
    </Filter>
    <Filter Include="Source Files\Generators\Force Generator">
      <UniqueIdentifier>{5ff8fbae-e2ee-456f-835a-e41120506e9f}</UniqueIdentifier>
    </Filter>
    <Filter Include="Source Files\Generators\Force Registry">
      <UniqueIdentifier>{29240641-0f02-40fd-a4d4-462958cc312e}</UniqueIdentifier>
    </Filter>
  </ItemGroup>
  <ItemGroup>
    <ClCompile Include="main.cpp">
      <Filter>Source Files</Filter>
    </ClCompile>
    <ClCompile Include="ParticleForceRegistry.cpp">
      <Filter>Source Files\Generators\Force Registry</Filter>
    </ClCompile>
  </ItemGroup>
  <ItemGroup>
    <ClInclude Include="Vector2.h">
      <Filter>Source Files\Math</Filter>
    </ClInclude>
    <ClInclude Include="Matrix.h">
      <Filter>Source Files\Math</Filter>
    </ClInclude>
    <ClInclude Include="Vector3.h">
      <Filter>Source Files\Math</Filter>
    </ClInclude>
    <ClInclude Include="Particle.h">
      <Filter>Source Files\Components</Filter>
    </ClInclude>
    <ClInclude Include="ParticleForceGenerator.h">
      <Filter>Source Files\Generators\Force Generator</Filter>
    </ClInclude>
    <ClInclude Include="ParticleForceRegistry.h">
      <Filter>Source Files\Generators\Force Registry</Filter>
    </ClInclude>
    <ClInclude Include="ParticleGravity.h">
      <Filter>Source Files\Generators\Force Generator</Filter>
    </ClInclude>
    <ClInclude Include="ParticleDrag.h">
      <Filter>Source Files\Generators\Force Generator</Filter>
    </ClInclude>
    <ClInclude Include="ParticleSpring.h">
      <Filter>Source Files\Generators\Force Generator</Filter>
    </ClInclude>
    <ClInclude Include="ParticleAnchoredSpring.h">
      <Filter>Source Files\Generators\Force Generator</Filter>
    </ClInclude>
    <ClInclude Include="ParticleUniversalGravity.h">
      <Filter>Source Files\Generators\Force Generator</Filter>
    </ClInclude>
  </ItemGroup>
</Project>