<?xml version="1.0" encoding="utf-8"?>
<Project ToolsVersion="4.0" xmlns="http://schemas.microsoft.com/developer/msbuild/2003">
  <ItemGroup>
    <Filter Include="Source Files">
      <UniqueIdentifier>{4FC737F1-C7A5-4376-A066-2A32D752A2FF}</UniqueIdentifier>
      <Extensions>cpp;c;cc;cxx;def;odl;idl;hpj;bat;asm;asmx</Extensions>
    </Filter>
    <Filter Include="Header Files">
      <UniqueIdentifier>{93995380-89BD-4b04-88EB-625FBE52EBFB}</UniqueIdentifier>
      <Extensions>h;hh;hpp;hxx;hm;inl;inc;xsd</Extensions>
    </Filter>
    <Filter Include="Resource Files">
      <UniqueIdentifier>{67DA6AB6-F800-4c08-8B7A-83BB121AAD01}</UniqueIdentifier>
      <Extensions>rc;ico;cur;bmp;dlg;rc2;rct;bin;rgs;gif;jpg;jpeg;jpe;resx;tiff;tif;png;wav;mfcribbon-ms</Extensions>
    </Filter>
    <Filter Include="Source Files\Core_Required">
      <UniqueIdentifier>{6df4e19e-a1b4-4852-b763-11c1a09a6769}</UniqueIdentifier>
    </Filter>
    <Filter Include="Source Files\Core_Required\Event Manager">
      <UniqueIdentifier>{cb791257-2dd1-43df-9f65-f4bfcfa3f627}</UniqueIdentifier>
    </Filter>
    <Filter Include="Source Files\Core_Required\Game">
      <UniqueIdentifier>{e5d804db-4ad6-402a-8a9b-13cbb707bcbd}</UniqueIdentifier>
    </Filter>
    <Filter Include="Source Files\Core_Required\Window">
      <UniqueIdentifier>{0f1a4447-41af-493f-99c9-756bde3c320b}</UniqueIdentifier>
    </Filter>
    <Filter Include="Source Files\Core_Required\State Machine">
      <UniqueIdentifier>{61f5dd6a-9755-4b8e-b6ed-2ac95ffb43de}</UniqueIdentifier>
    </Filter>
    <Filter Include="Games">
      <UniqueIdentifier>{8796ae39-1738-43a3-bd37-b707373e28c0}</UniqueIdentifier>
    </Filter>
    <Filter Include="Games\DinoRun">
      <UniqueIdentifier>{a45c40eb-2a22-44b5-b2ae-82410bce5ee2}</UniqueIdentifier>
    </Filter>
    <Filter Include="Games\DinoRun\Entities">
      <UniqueIdentifier>{690f2580-cd7a-4f14-bd92-e71c4259153b}</UniqueIdentifier>
    </Filter>
    <Filter Include="Games\DinoRun\Entities\Bird">
      <UniqueIdentifier>{2f3344b9-37cc-4ebb-9463-b393546c4cb4}</UniqueIdentifier>
    </Filter>
    <Filter Include="Games\DinoRun\Entities\Cactus">
      <UniqueIdentifier>{deb79bb2-6ac9-4246-97be-49fbdb2e95a3}</UniqueIdentifier>
    </Filter>
    <Filter Include="Games\DinoRun\Entities\Dino">
      <UniqueIdentifier>{97c23b26-f5c9-4e89-b6d4-a534cce6fa60}</UniqueIdentifier>
    </Filter>
    <Filter Include="Games\Pong">
      <UniqueIdentifier>{6fccfad4-c72a-4674-acd9-ec461515737b}</UniqueIdentifier>
    </Filter>
    <Filter Include="Games\Physics Test">
      <UniqueIdentifier>{f8d6feef-724a-4bc4-9b19-0d7b6ea5e28f}</UniqueIdentifier>
    </Filter>
    <Filter Include="Games\Physics Test\Entities">
      <UniqueIdentifier>{fd980d4e-852b-4224-ad15-ff1139f4b722}</UniqueIdentifier>
    </Filter>
    <Filter Include="Games\Physics Test\Physics">
      <UniqueIdentifier>{79ce9a81-29de-45bf-9bdd-0b8b5a38fa9a}</UniqueIdentifier>
    </Filter>
    <Filter Include="Source Files\Core_Required\Math">
      <UniqueIdentifier>{935d1bab-16e8-45d8-bd52-0f6211d2f4d1}</UniqueIdentifier>
    </Filter>
  </ItemGroup>
  <ItemGroup>
    <ClCompile Include="main.cpp">
      <Filter>Source Files</Filter>
    </ClCompile>
    <ClCompile Include="Window.cpp">
      <Filter>Source Files\Core_Required\Window</Filter>
    </ClCompile>
    <ClCompile Include="EventManager.cpp">
      <Filter>Source Files\Core_Required\Event Manager</Filter>
    </ClCompile>
    <ClCompile Include="StateManager.cpp">
      <Filter>Source Files\Core_Required\State Machine</Filter>
    </ClCompile>
    <ClCompile Include="Bird.cpp">
      <Filter>Games\DinoRun\Entities\Bird</Filter>
    </ClCompile>
    <ClCompile Include="Cactus.cpp">
      <Filter>Games\DinoRun\Entities\Cactus</Filter>
    </ClCompile>
    <ClCompile Include="Dino.cpp">
      <Filter>Games\DinoRun\Entities\Dino</Filter>
    </ClCompile>
    <ClCompile Include="DinoGame.cpp">
      <Filter>Games\DinoRun</Filter>
    </ClCompile>
    <ClCompile Include="TestGame.cpp">
      <Filter>Games\Pong</Filter>
    </ClCompile>
    <ClCompile Include="PTestGame.cpp">
      <Filter>Games\Physics Test</Filter>
    </ClCompile>
    <ClCompile Include="RigidBody.cpp">
      <Filter>Games\Physics Test\Physics</Filter>
    </ClCompile>
    <ClCompile Include="VectorMath.cpp">
      <Filter>Source Files\Core_Required\Math</Filter>
    </ClCompile>
    <ClCompile Include="Polygon.cpp">
      <Filter>Games\Physics Test\Physics</Filter>
    </ClCompile>
  </ItemGroup>
  <ItemGroup>
    <ClInclude Include="Window.h">
      <Filter>Source Files\Core_Required\Window</Filter>
    </ClInclude>
    <ClInclude Include="Game.h">
      <Filter>Source Files\Core_Required\Game</Filter>
    </ClInclude>
    <ClInclude Include="EventManager.h">
      <Filter>Source Files\Core_Required\Event Manager</Filter>
    </ClInclude>
    <ClInclude Include="BaseState.h">
      <Filter>Source Files\Core_Required\State Machine</Filter>
    </ClInclude>
    <ClInclude Include="StateManager.h">
      <Filter>Source Files\Core_Required\State Machine</Filter>
    </ClInclude>
    <ClInclude Include="Bird.h">
      <Filter>Games\DinoRun\Entities\Bird</Filter>
    </ClInclude>
    <ClInclude Include="Cactus.h">
      <Filter>Games\DinoRun\Entities\Cactus</Filter>
    </ClInclude>
    <ClInclude Include="Dino.h">
      <Filter>Games\DinoRun\Entities\Dino</Filter>
    </ClInclude>
    <ClInclude Include="DinoGame.h">
      <Filter>Games\DinoRun</Filter>
    </ClInclude>
    <ClInclude Include="TestGame.h">
      <Filter>Games\Pong</Filter>
    </ClInclude>
    <ClInclude Include="PTestGame.h">
      <Filter>Games\Physics Test</Filter>
    </ClInclude>
    <ClInclude Include="RigidBody.h">
      <Filter>Games\Physics Test\Physics</Filter>
    </ClInclude>
    <ClInclude Include="VectorMath.h">
      <Filter>Source Files\Core_Required\Math</Filter>
    </ClInclude>
    <ClInclude Include="Polygon.h">
      <Filter>Games\Physics Test\Physics</Filter>
    </ClInclude>
  </ItemGroup>
  <ItemGroup>
    <None Include="keys.cfg">
      <Filter>Resource Files</Filter>
    </None>
    <None Include="DinoGame\keys.cfg">
      <Filter>Resource Files</Filter>
    </None>
  </ItemGroup>
</Project>