<?xml version="1.0" encoding="utf-8"?>
<Project ToolsVersion="4.0" xmlns="http://schemas.microsoft.com/developer/msbuild/2003">
  <ItemGroup>
    <Filter Include="Source Files">
      <UniqueIdentifier>{4FC737F1-C7A5-4376-A066-2A32D752A2FF}</UniqueIdentifier>
      <Extensions>cpp;c;cc;cxx;def;odl;idl;hpj;bat;asm;asmx</Extensions>
    </Filter>
    <Filter Include="Header Files">
      <UniqueIdentifier>{93995380-89BD-4b04-88EB-625FBE52EBFB}</UniqueIdentifier>
      <Extensions>h;hh;hpp;hxx;hm;inl;inc;xsd</Extensions>
    </Filter>
    <Filter Include="Resource Files">
      <UniqueIdentifier>{67DA6AB6-F800-4c08-8B7A-83BB121AAD01}</UniqueIdentifier>
      <Extensions>rc;ico;cur;bmp;dlg;rc2;rct;bin;rgs;gif;jpg;jpeg;jpe;resx;tiff;tif;png;wav;mfcribbon-ms</Extensions>
    </Filter>
    <Filter Include="Source Files\Core_Required">
      <UniqueIdentifier>{6df4e19e-a1b4-4852-b763-11c1a09a6769}</UniqueIdentifier>
    </Filter>
    <Filter Include="Source Files\Core_Required\Event Manager">
      <UniqueIdentifier>{cb791257-2dd1-43df-9f65-f4bfcfa3f627}</UniqueIdentifier>
    </Filter>
    <Filter Include="Source Files\Core_Required\Game">
      <UniqueIdentifier>{e5d804db-4ad6-402a-8a9b-13cbb707bcbd}</UniqueIdentifier>
    </Filter>
    <Filter Include="Source Files\Core_Required\Window">
      <UniqueIdentifier>{0f1a4447-41af-493f-99c9-756bde3c320b}</UniqueIdentifier>
    </Filter>
    <Filter Include="Source Files\Core_Required\State Machine">
      <UniqueIdentifier>{61f5dd6a-9755-4b8e-b6ed-2ac95ffb43de}</UniqueIdentifier>
    </Filter>
    <Filter Include="Games">
      <UniqueIdentifier>{8796ae39-1738-43a3-bd37-b707373e28c0}</UniqueIdentifier>
    </Filter>
    <Filter Include="Source Files\Core_Required\Math">
      <UniqueIdentifier>{935d1bab-16e8-45d8-bd52-0f6211d2f4d1}</UniqueIdentifier>
    </Filter>
    <Filter Include="Games\Pong">
      <UniqueIdentifier>{97ef2247-e736-4b91-905e-c69ee0367591}</UniqueIdentifier>
    </Filter>
  </ItemGroup>
  <ItemGroup>
    <ClCompile Include="main.cpp">
      <Filter>Source Files</Filter>
    </ClCompile>
    <ClCompile Include="Window.cpp">
      <Filter>Source Files\Core_Required\Window</Filter>
    </ClCompile>
    <ClCompile Include="EventManager.cpp">
      <Filter>Source Files\Core_Required\Event Manager</Filter>
    </ClCompile>
    <ClCompile Include="StateManager.cpp">
      <Filter>Source Files\Core_Required\State Machine</Filter>
    </ClCompile>
    <ClCompile Include="VectorMath.cpp">
      <Filter>Source Files\Core_Required\Math</Filter>
    </ClCompile>
    <ClCompile Include="TestGame.cpp">
      <Filter>Games\Pong</Filter>
    </ClCompile>
  </ItemGroup>
  <ItemGroup>
    <ClInclude Include="Window.h">
      <Filter>Source Files\Core_Required\Window</Filter>
    </ClInclude>
    <ClInclude Include="Game.h">
      <Filter>Source Files\Core_Required\Game</Filter>
    </ClInclude>
    <ClInclude Include="EventManager.h">
      <Filter>Source Files\Core_Required\Event Manager</Filter>
    </ClInclude>
    <ClInclude Include="BaseState.h">
      <Filter>Source Files\Core_Required\State Machine</Filter>
    </ClInclude>
    <ClInclude Include="StateManager.h">
      <Filter>Source Files\Core_Required\State Machine</Filter>
    </ClInclude>
    <ClInclude Include="VectorMath.h">
      <Filter>Source Files\Core_Required\Math</Filter>
    </ClInclude>
    <ClInclude Include="TestGame.h">
      <Filter>Games\Pong</Filter>
    </ClInclude>
  </ItemGroup>
  <ItemGroup>
    <None Include="keys.cfg">
      <Filter>Resource Files</Filter>
    </None>
  </ItemGroup>
</Project>