<?xml version="1.0" encoding="utf-8"?>
<Project ToolsVersion="4.0" xmlns="http://schemas.microsoft.com/developer/msbuild/2003">
  <ItemGroup>
    <Filter Include="Source Files">
      <UniqueIdentifier>{4FC737F1-C7A5-4376-A066-2A32D752A2FF}</UniqueIdentifier>
      <Extensions>cpp;c;cc;cxx;def;odl;idl;hpj;bat;asm;asmx</Extensions>
    </Filter>
    <Filter Include="Header Files">
      <UniqueIdentifier>{93995380-89BD-4b04-88EB-625FBE52EBFB}</UniqueIdentifier>
      <Extensions>h;hh;hpp;hxx;hm;inl;inc;xsd</Extensions>
    </Filter>
    <Filter Include="Resource Files">
      <UniqueIdentifier>{67DA6AB6-F800-4c08-8B7A-83BB121AAD01}</UniqueIdentifier>
      <Extensions>rc;ico;cur;bmp;dlg;rc2;rct;bin;rgs;gif;jpg;jpeg;jpe;resx;tiff;tif;png;wav;mfcribbon-ms</Extensions>
    </Filter>
    <Filter Include="Source Files\Entities">
      <UniqueIdentifier>{30306e83-6fa9-4954-9e29-32e0d3a1e3f6}</UniqueIdentifier>
    </Filter>
    <Filter Include="Source Files\Entities\Bird">
      <UniqueIdentifier>{d8202cae-a427-4595-9beb-6cb4bcb2d7d9}</UniqueIdentifier>
    </Filter>
    <Filter Include="Source Files\Entities\Cactus">
      <UniqueIdentifier>{4029c885-8727-4afc-a02e-ad1ebdbe8c12}</UniqueIdentifier>
    </Filter>
    <Filter Include="Source Files\Entities\Dino">
      <UniqueIdentifier>{8d9f6f36-6c4a-41cd-8fd7-8169dc8f0f9b}</UniqueIdentifier>
    </Filter>
  </ItemGroup>
  <ItemGroup>
    <ClCompile Include="main.cpp">
      <Filter>Source Files</Filter>
    </ClCompile>
    <ClCompile Include="Bird.cpp">
      <Filter>Source Files\Entities\Bird</Filter>
    </ClCompile>
    <ClCompile Include="Cactus.cpp">
      <Filter>Source Files\Entities\Cactus</Filter>
    </ClCompile>
    <ClCompile Include="Dino.cpp">
      <Filter>Source Files\Entities\Dino</Filter>
    </ClCompile>
    <ClCompile Include="DinoGame.cpp">
      <Filter>Source Files</Filter>
    </ClCompile>
  </ItemGroup>
  <ItemGroup>
    <None Include="Resources\Keys\keys.cfg">
      <Filter>Resource Files</Filter>
    </None>
  </ItemGroup>
  <ItemGroup>
    <ClInclude Include="Bird.h">
      <Filter>Source Files\Entities\Bird</Filter>
    </ClInclude>
    <ClInclude Include="Cactus.h">
      <Filter>Source Files\Entities\Cactus</Filter>
    </ClInclude>
    <ClInclude Include="Dino.h">
      <Filter>Source Files\Entities\Dino</Filter>
    </ClInclude>
    <ClInclude Include="DinoGame.h">
      <Filter>Source Files</Filter>
    </ClInclude>
  </ItemGroup>
</Project>